// !$*UTF8*$!
{
	archiveVersion = 1;
	classes = {
	};
	objectVersion = 55;
	objects = {

/* Begin PBXBuildFile section */
		211256E92744F0FC00DE2D3B /* AppDelegate.swift in Sources */ = {isa = PBXBuildFile; fileRef = 211256E82744F0FC00DE2D3B /* AppDelegate.swift */; };
		211256EB2744F0FC00DE2D3B /* SceneDelegate.swift in Sources */ = {isa = PBXBuildFile; fileRef = 211256EA2744F0FC00DE2D3B /* SceneDelegate.swift */; };
		211256ED2744F0FC00DE2D3B /* ViewController.swift in Sources */ = {isa = PBXBuildFile; fileRef = 211256EC2744F0FC00DE2D3B /* ViewController.swift */; };
		211256F02744F0FC00DE2D3B /* Main.storyboard in Resources */ = {isa = PBXBuildFile; fileRef = 211256EE2744F0FC00DE2D3B /* Main.storyboard */; };
		211256F22744F0FD00DE2D3B /* Assets.xcassets in Resources */ = {isa = PBXBuildFile; fileRef = 211256F12744F0FD00DE2D3B /* Assets.xcassets */; };
		211256F52744F0FD00DE2D3B /* LaunchScreen.storyboard in Resources */ = {isa = PBXBuildFile; fileRef = 211256F32744F0FD00DE2D3B /* LaunchScreen.storyboard */; };
		A73216BADDE62ECC45F55C87 /* Pods_itss_murasaki_flashcard.framework in Frameworks */ = {isa = PBXBuildFile; fileRef = 77084D98D0D84C887705C04C /* Pods_itss_murasaki_flashcard.framework */; };
/* End PBXBuildFile section */

/* Begin PBXFileReference section */
		211256E52744F0FC00DE2D3B /* itss_murasaki_flashcard.app */ = {isa = PBXFileReference; explicitFileType = wrapper.application; includeInIndex = 0; path = itss_murasaki_flashcard.app; sourceTree = BUILT_PRODUCTS_DIR; };
		211256E82744F0FC00DE2D3B /* AppDelegate.swift */ = {isa = PBXFileReference; lastKnownFileType = sourcecode.swift; path = AppDelegate.swift; sourceTree = "<group>"; };
		211256EA2744F0FC00DE2D3B /* SceneDelegate.swift */ = {isa = PBXFileReference; lastKnownFileType = sourcecode.swift; path = SceneDelegate.swift; sourceTree = "<group>"; };
		211256EC2744F0FC00DE2D3B /* ViewController.swift */ = {isa = PBXFileReference; lastKnownFileType = sourcecode.swift; path = ViewController.swift; sourceTree = "<group>"; };
		211256EF2744F0FC00DE2D3B /* Base */ = {isa = PBXFileReference; lastKnownFileType = file.storyboard; name = Base; path = Base.lproj/Main.storyboard; sourceTree = "<group>"; };
		211256F12744F0FD00DE2D3B /* Assets.xcassets */ = {isa = PBXFileReference; lastKnownFileType = folder.assetcatalog; path = Assets.xcassets; sourceTree = "<group>"; };
		211256F42744F0FD00DE2D3B /* Base */ = {isa = PBXFileReference; lastKnownFileType = file.storyboard; name = Base; path = Base.lproj/LaunchScreen.storyboard; sourceTree = "<group>"; };
		211256F62744F0FD00DE2D3B /* Info.plist */ = {isa = PBXFileReference; lastKnownFileType = text.plist.xml; path = Info.plist; sourceTree = "<group>"; };
		357A949DAEC802096D6C5A4E /* Pods-itss_murasaki_flashcard.release.xcconfig */ = {isa = PBXFileReference; includeInIndex = 1; lastKnownFileType = text.xcconfig; name = "Pods-itss_murasaki_flashcard.release.xcconfig"; path = "Target Support Files/Pods-itss_murasaki_flashcard/Pods-itss_murasaki_flashcard.release.xcconfig"; sourceTree = "<group>"; };
		67EE865FC8E46EBFB0C1F0ED /* Pods-itss_murasaki_flashcard.debug.xcconfig */ = {isa = PBXFileReference; includeInIndex = 1; lastKnownFileType = text.xcconfig; name = "Pods-itss_murasaki_flashcard.debug.xcconfig"; path = "Target Support Files/Pods-itss_murasaki_flashcard/Pods-itss_murasaki_flashcard.debug.xcconfig"; sourceTree = "<group>"; };
		77084D98D0D84C887705C04C /* Pods_itss_murasaki_flashcard.framework */ = {isa = PBXFileReference; explicitFileType = wrapper.framework; includeInIndex = 0; path = Pods_itss_murasaki_flashcard.framework; sourceTree = BUILT_PRODUCTS_DIR; };
/* End PBXFileReference section */

/* Begin PBXFrameworksBuildPhase section */
		211256E22744F0FC00DE2D3B /* Frameworks */ = {
			isa = PBXFrameworksBuildPhase;
			buildActionMask = 2147483647;
			files = (
				A73216BADDE62ECC45F55C87 /* Pods_itss_murasaki_flashcard.framework in Frameworks */,
			);
			runOnlyForDeploymentPostprocessing = 0;
		};
/* End PBXFrameworksBuildPhase section */

/* Begin PBXGroup section */
		211256DC2744F0FC00DE2D3B = {
			isa = PBXGroup;
			children = (
				211256E72744F0FC00DE2D3B /* itss_murasaki_flashcard */,
				211256E62744F0FC00DE2D3B /* Products */,
				D9596818FC557844DDBBCFB4 /* Pods */,
				9EF07A91935FCBBF14FD5756 /* Frameworks */,
			);
			sourceTree = "<group>";
		};
		211256E62744F0FC00DE2D3B /* Products */ = {
			isa = PBXGroup;
			children = (
				211256E52744F0FC00DE2D3B /* itss_murasaki_flashcard.app */,
			);
			name = Products;
			sourceTree = "<group>";
		};
		211256E72744F0FC00DE2D3B /* itss_murasaki_flashcard */ = {
			isa = PBXGroup;
			children = (
				211256E82744F0FC00DE2D3B /* AppDelegate.swift */,
				211256EA2744F0FC00DE2D3B /* SceneDelegate.swift */,
				211256EC2744F0FC00DE2D3B /* ViewController.swift */,
				211256EE2744F0FC00DE2D3B /* Main.storyboard */,
				211256F12744F0FD00DE2D3B /* Assets.xcassets */,
				211256F32744F0FD00DE2D3B /* LaunchScreen.storyboard */,
				211256F62744F0FD00DE2D3B /* Info.plist */,
			);
			path = itss_murasaki_flashcard;
			sourceTree = "<group>";
		};
		9EF07A91935FCBBF14FD5756 /* Frameworks */ = {
			isa = PBXGroup;
			children = (
				77084D98D0D84C887705C04C /* Pods_itss_murasaki_flashcard.framework */,
			);
			name = Frameworks;
			sourceTree = "<group>";
		};
		D9596818FC557844DDBBCFB4 /* Pods */ = {
			isa = PBXGroup;
			children = (
				67EE865FC8E46EBFB0C1F0ED /* Pods-itss_murasaki_flashcard.debug.xcconfig */,
				357A949DAEC802096D6C5A4E /* Pods-itss_murasaki_flashcard.release.xcconfig */,
			);
			name = Pods;
			path = Pods;
			sourceTree = "<group>";
		};
/* End PBXGroup section */

/* Begin PBXNativeTarget section */
		211256E42744F0FC00DE2D3B /* itss_murasaki_flashcard */ = {
			isa = PBXNativeTarget;
			buildConfigurationList = 211256F92744F0FE00DE2D3B /* Build configuration list for PBXNativeTarget "itss_murasaki_flashcard" */;
			buildPhases = (
				0C58341B2E438F3FD0D96CAB /* [CP] Check Pods Manifest.lock */,
				211256E12744F0FC00DE2D3B /* Sources */,
				211256E22744F0FC00DE2D3B /* Frameworks */,
				211256E32744F0FC00DE2D3B /* Resources */,
				16566ACBD2A4A5F77DBB500D /* [CP] Embed Pods Frameworks */,
			);
			buildRules = (
			);
			dependencies = (
			);
			name = itss_murasaki_flashcard;
			productName = itss_murasaki_flashcard;
			productReference = 211256E52744F0FC00DE2D3B /* itss_murasaki_flashcard.app */;
			productType = "com.apple.product-type.application";
		};
/* End PBXNativeTarget section */

/* Begin PBXProject section */
		211256DD2744F0FC00DE2D3B /* Project object */ = {
			isa = PBXProject;
			attributes = {
				BuildIndependentTargetsInParallel = 1;
				LastSwiftUpdateCheck = 1310;
				LastUpgradeCheck = 1310;
				TargetAttributes = {
					211256E42744F0FC00DE2D3B = {
						CreatedOnToolsVersion = 13.1;
					};
				};
			};
			buildConfigurationList = 211256E02744F0FC00DE2D3B /* Build configuration list for PBXProject "itss_murasaki_flashcard" */;
			compatibilityVersion = "Xcode 13.0";
			developmentRegion = en;
			hasScannedForEncodings = 0;
			knownRegions = (
				en,
				Base,
			);
			mainGroup = 211256DC2744F0FC00DE2D3B;
			productRefGroup = 211256E62744F0FC00DE2D3B /* Products */;
			projectDirPath = "";
			projectRoot = "";
			targets = (
				211256E42744F0FC00DE2D3B /* itss_murasaki_flashcard */,
			);
		};
/* End PBXProject section */

/* Begin PBXResourcesBuildPhase section */
		211256E32744F0FC00DE2D3B /* Resources */ = {
			isa = PBXResourcesBuildPhase;
			buildActionMask = 2147483647;
			files = (
				211256F52744F0FD00DE2D3B /* LaunchScreen.storyboard in Resources */,
				211256F22744F0FD00DE2D3B /* Assets.xcassets in Resources */,
				211256F02744F0FC00DE2D3B /* Main.storyboard in Resources */,
			);
			runOnlyForDeploymentPostprocessing = 0;
		};
/* End PBXResourcesBuildPhase section */

/* Begin PBXShellScriptBuildPhase section */
		0C58341B2E438F3FD0D96CAB /* [CP] Check Pods Manifest.lock */ = {
			isa = PBXShellScriptBuildPhase;
			buildActionMask = 2147483647;
			files = (
			);
			inputFileListPaths = (
			);
			inputPaths = (
				"${PODS_PODFILE_DIR_PATH}/Podfile.lock",
				"${PODS_ROOT}/Manifest.lock",
			);
			name = "[CP] Check Pods Manifest.lock";
			outputFileListPaths = (
			);
			outputPaths = (
				"$(DERIVED_FILE_DIR)/Pods-itss_murasaki_flashcard-checkManifestLockResult.txt",
			);
			runOnlyForDeploymentPostprocessing = 0;
			shellPath = /bin/sh;
			shellScript = "diff \"${PODS_PODFILE_DIR_PATH}/Podfile.lock\" \"${PODS_ROOT}/Manifest.lock\" > /dev/null\nif [ $? != 0 ] ; then\n    # print error to STDERR\n    echo \"error: The sandbox is not in sync with the Podfile.lock. Run 'pod install' or update your CocoaPods installation.\" >&2\n    exit 1\nfi\n# This output is used by Xcode 'outputs' to avoid re-running this script phase.\necho \"SUCCESS\" > \"${SCRIPT_OUTPUT_FILE_0}\"\n";
			showEnvVarsInLog = 0;
		};
		16566ACBD2A4A5F77DBB500D /* [CP] Embed Pods Frameworks */ = {
			isa = PBXShellScriptBuildPhase;
			buildActionMask = 2147483647;
			files = (
			);
			inputFileListPaths = (
				"${PODS_ROOT}/Target Support Files/Pods-itss_murasaki_flashcard/Pods-itss_murasaki_flashcard-frameworks-${CONFIGURATION}-input-files.xcfilelist",
			);
			name = "[CP] Embed Pods Frameworks";
			outputFileListPaths = (
				"${PODS_ROOT}/Target Support Files/Pods-itss_murasaki_flashcard/Pods-itss_murasaki_flashcard-frameworks-${CONFIGURATION}-output-files.xcfilelist",
			);
			runOnlyForDeploymentPostprocessing = 0;
			shellPath = /bin/sh;
			shellScript = "\"${PODS_ROOT}/Target Support Files/Pods-itss_murasaki_flashcard/Pods-itss_murasaki_flashcard-frameworks.sh\"\n";
			showEnvVarsInLog = 0;
		};
/* End PBXShellScriptBuildPhase section */

/* Begin PBXSourcesBuildPhase section */
		211256E12744F0FC00DE2D3B /* Sources */ = {
			isa = PBXSourcesBuildPhase;
			buildActionMask = 2147483647;
			files = (
				211256ED2744F0FC00DE2D3B /* ViewController.swift in Sources */,
				211256E92744F0FC00DE2D3B /* AppDelegate.swift in Sources */,
				211256EB2744F0FC00DE2D3B /* SceneDelegate.swift in Sources */,
			);
			runOnlyForDeploymentPostprocessing = 0;
		};
/* End PBXSourcesBuildPhase section */

/* Begin PBXVariantGroup section */
		211256EE2744F0FC00DE2D3B /* Main.storyboard */ = {
			isa = PBXVariantGroup;
			children = (
				211256EF2744F0FC00DE2D3B /* Base */,
			);
			name = Main.storyboard;
			sourceTree = "<group>";
		};
		211256F32744F0FD00DE2D3B /* LaunchScreen.storyboard */ = {
			isa = PBXVariantGroup;
			children = (
				211256F42744F0FD00DE2D3B /* Base */,
			);
			name = LaunchScreen.storyboard;
			sourceTree = "<group>";
		};
/* End PBXVariantGroup section */

/* Begin XCBuildConfiguration section */
		211256F72744F0FE00DE2D3B /* Debug */ = {
			isa = XCBuildConfiguration;
			buildSettings = {
				ALWAYS_SEARCH_USER_PATHS = NO;
				CLANG_ANALYZER_NONNULL = YES;
				CLANG_ANALYZER_NUMBER_OBJECT_CONVERSION = YES_AGGRESSIVE;
				CLANG_CXX_LANGUAGE_STANDARD = "gnu++17";
				CLANG_CXX_LIBRARY = "libc++";
				CLANG_ENABLE_MODULES = YES;
				CLANG_ENABLE_OBJC_ARC = YES;
				CLANG_ENABLE_OBJC_WEAK = YES;
				CLANG_WARN_BLOCK_CAPTURE_AUTORELEASING = YES;
				CLANG_WARN_BOOL_CONVERSION = YES;
				CLANG_WARN_COMMA = YES;
				CLANG_WARN_CONSTANT_CONVERSION = YES;
				CLANG_WARN_DEPRECATED_OBJC_IMPLEMENTATIONS = YES;
				CLANG_WARN_DIRECT_OBJC_ISA_USAGE = YES_ERROR;
				CLANG_WARN_DOCUMENTATION_COMMENTS = YES;
				CLANG_WARN_EMPTY_BODY = YES;
				CLANG_WARN_ENUM_CONVERSION = YES;
				CLANG_WARN_INFINITE_RECURSION = YES;
				CLANG_WARN_INT_CONVERSION = YES;
				CLANG_WARN_NON_LITERAL_NULL_CONVERSION = YES;
				CLANG_WARN_OBJC_IMPLICIT_RETAIN_SELF = YES;
				CLANG_WARN_OBJC_LITERAL_CONVERSION = YES;
				CLANG_WARN_OBJC_ROOT_CLASS = YES_ERROR;
				CLANG_WARN_QUOTED_INCLUDE_IN_FRAMEWORK_HEADER = YES;
				CLANG_WARN_RANGE_LOOP_ANALYSIS = YES;
				CLANG_WARN_STRICT_PROTOTYPES = YES;
				CLANG_WARN_SUSPICIOUS_MOVE = YES;
				CLANG_WARN_UNGUARDED_AVAILABILITY = YES_AGGRESSIVE;
				CLANG_WARN_UNREACHABLE_CODE = YES;
				CLANG_WARN__DUPLICATE_METHOD_MATCH = YES;
				COPY_PHASE_STRIP = NO;
				DEBUG_INFORMATION_FORMAT = dwarf;
				ENABLE_STRICT_OBJC_MSGSEND = YES;
				ENABLE_TESTABILITY = YES;
				GCC_C_LANGUAGE_STANDARD = gnu11;
				GCC_DYNAMIC_NO_PIC = NO;
				GCC_NO_COMMON_BLOCKS = YES;
				GCC_OPTIMIZATION_LEVEL = 0;
				GCC_PREPROCESSOR_DEFINITIONS = (
					"DEBUG=1",
					"$(inherited)",
				);
				GCC_WARN_64_TO_32_BIT_CONVERSION = YES;
				GCC_WARN_ABOUT_RETURN_TYPE = YES_ERROR;
				GCC_WARN_UNDECLARED_SELECTOR = YES;
				GCC_WARN_UNINITIALIZED_AUTOS = YES_AGGRESSIVE;
				GCC_WARN_UNUSED_FUNCTION = YES;
				GCC_WARN_UNUSED_VARIABLE = YES;
				IPHONEOS_DEPLOYMENT_TARGET = 12.0;
				MTL_ENABLE_DEBUG_INFO = INCLUDE_SOURCE;
				MTL_FAST_MATH = YES;
				ONLY_ACTIVE_ARCH = YES;
				SDKROOT = iphoneos;
				SWIFT_ACTIVE_COMPILATION_CONDITIONS = DEBUG;
				SWIFT_OPTIMIZATION_LEVEL = "-Onone";
			};
			name = Debug;
		};
		211256F82744F0FE00DE2D3B /* Release */ = {
			isa = XCBuildConfiguration;
			buildSettings = {
				ALWAYS_SEARCH_USER_PATHS = NO;
				CLANG_ANALYZER_NONNULL = YES;
				CLANG_ANALYZER_NUMBER_OBJECT_CONVERSION = YES_AGGRESSIVE;
				CLANG_CXX_LANGUAGE_STANDARD = "gnu++17";
				CLANG_CXX_LIBRARY = "libc++";
				CLANG_ENABLE_MODULES = YES;
				CLANG_ENABLE_OBJC_ARC = YES;
				CLANG_ENABLE_OBJC_WEAK = YES;
				CLANG_WARN_BLOCK_CAPTURE_AUTORELEASING = YES;
				CLANG_WARN_BOOL_CONVERSION = YES;
				CLANG_WARN_COMMA = YES;
				CLANG_WARN_CONSTANT_CONVERSION = YES;
				CLANG_WARN_DEPRECATED_OBJC_IMPLEMENTATIONS = YES;
				CLANG_WARN_DIRECT_OBJC_ISA_USAGE = YES_ERROR;
				CLANG_WARN_DOCUMENTATION_COMMENTS = YES;
				CLANG_WARN_EMPTY_BODY = YES;
				CLANG_WARN_ENUM_CONVERSION = YES;
				CLANG_WARN_INFINITE_RECURSION = YES;
				CLANG_WARN_INT_CONVERSION = YES;
				CLANG_WARN_NON_LITERAL_NULL_CONVERSION = YES;
				CLANG_WARN_OBJC_IMPLICIT_RETAIN_SELF = YES;
				CLANG_WARN_OBJC_LITERAL_CONVERSION = YES;
				CLANG_WARN_OBJC_ROOT_CLASS = YES_ERROR;
				CLANG_WARN_QUOTED_INCLUDE_IN_FRAMEWORK_HEADER = YES;
				CLANG_WARN_RANGE_LOOP_ANALYSIS = YES;
				CLANG_WARN_STRICT_PROTOTYPES = YES;
				CLANG_WARN_SUSPICIOUS_MOVE = YES;
				CLANG_WARN_UNGUARDED_AVAILABILITY = YES_AGGRESSIVE;
				CLANG_WARN_UNREACHABLE_CODE = YES;
				CLANG_WARN__DUPLICATE_METHOD_MATCH = YES;
				COPY_PHASE_STRIP = NO;
				DEBUG_INFORMATION_FORMAT = "dwarf-with-dsym";
				ENABLE_NS_ASSERTIONS = NO;
				ENABLE_STRICT_OBJC_MSGSEND = YES;
				GCC_C_LANGUAGE_STANDARD = gnu11;
				GCC_NO_COMMON_BLOCKS = YES;
				GCC_WARN_64_TO_32_BIT_CONVERSION = YES;
				GCC_WARN_ABOUT_RETURN_TYPE = YES_ERROR;
				GCC_WARN_UNDECLARED_SELECTOR = YES;
				GCC_WARN_UNINITIALIZED_AUTOS = YES_AGGRESSIVE;
				GCC_WARN_UNUSED_FUNCTION = YES;
				GCC_WARN_UNUSED_VARIABLE = YES;
				IPHONEOS_DEPLOYMENT_TARGET = 12.0;
				MTL_ENABLE_DEBUG_INFO = NO;
				MTL_FAST_MATH = YES;
				SDKROOT = iphoneos;
				SWIFT_COMPILATION_MODE = wholemodule;
				SWIFT_OPTIMIZATION_LEVEL = "-O";
				VALIDATE_PRODUCT = YES;
			};
			name = Release;
		};
		211256FA2744F0FE00DE2D3B /* Debug */ = {
			isa = XCBuildConfiguration;
			baseConfigurationReference = 67EE865FC8E46EBFB0C1F0ED /* Pods-itss_murasaki_flashcard.debug.xcconfig */;
			buildSettings = {
				ASSETCATALOG_COMPILER_APPICON_NAME = AppIcon;
				ASSETCATALOG_COMPILER_GLOBAL_ACCENT_COLOR_NAME = AccentColor;
				CODE_SIGN_STYLE = Automatic;
				CURRENT_PROJECT_VERSION = 1;
				DEVELOPMENT_TEAM = 38BU5VXKD8;
				GENERATE_INFOPLIST_FILE = YES;
				INFOPLIST_FILE = itss_murasaki_flashcard/Info.plist;
				INFOPLIST_KEY_UIApplicationSupportsIndirectInputEvents = YES;
				INFOPLIST_KEY_UILaunchStoryboardName = LaunchScreen;
				INFOPLIST_KEY_UIMainStoryboardFile = Main;
				INFOPLIST_KEY_UISupportedInterfaceOrientations_iPad = "UIInterfaceOrientationPortrait UIInterfaceOrientationPortraitUpsideDown UIInterfaceOrientationLandscapeLeft UIInterfaceOrientationLandscapeRight";
				INFOPLIST_KEY_UISupportedInterfaceOrientations_iPhone = "UIInterfaceOrientationPortrait UIInterfaceOrientationLandscapeLeft UIInterfaceOrientationLandscapeRight";
				IPHONEOS_DEPLOYMENT_TARGET = 12.0;
				LD_RUNPATH_SEARCH_PATHS = (
					"$(inherited)",
					"@executable_path/Frameworks",
				);
				MARKETING_VERSION = 1.0;
				PRODUCT_BUNDLE_IDENTIFIER = com.sposuru.Sposuru;
				PRODUCT_NAME = "$(TARGET_NAME)";
				SWIFT_EMIT_LOC_STRINGS = YES;
				SWIFT_VERSION = 5.0;
				TARGETED_DEVICE_FAMILY = "1,2";
			};
			name = Debug;
		};
		211256FB2744F0FE00DE2D3B /* Release */ = {
			isa = XCBuildConfiguration;
			baseConfigurationReference = 357A949DAEC802096D6C5A4E /* Pods-itss_murasaki_flashcard.release.xcconfig */;
			buildSettings = {
				ASSETCATALOG_COMPILER_APPICON_NAME = AppIcon;
				ASSETCATALOG_COMPILER_GLOBAL_ACCENT_COLOR_NAME = AccentColor;
				CODE_SIGN_STYLE = Automatic;
				CURRENT_PROJECT_VERSION = 1;
				DEVELOPMENT_TEAM = 38BU5VXKD8;
				GENERATE_INFOPLIST_FILE = YES;
				INFOPLIST_FILE = itss_murasaki_flashcard/Info.plist;
				INFOPLIST_KEY_UIApplicationSupportsIndirectInputEvents = YES;
				INFOPLIST_KEY_UILaunchStoryboardName = LaunchScreen;
				INFOPLIST_KEY_UIMainStoryboardFile = Main;
				INFOPLIST_KEY_UISupportedInterfaceOrientations_iPad = "UIInterfaceOrientationPortrait UIInterfaceOrientationPortraitUpsideDown UIInterfaceOrientationLandscapeLeft UIInterfaceOrientationLandscapeRight";
				INFOPLIST_KEY_UISupportedInterfaceOrientations_iPhone = "UIInterfaceOrientationPortrait UIInterfaceOrientationLandscapeLeft UIInterfaceOrientationLandscapeRight";
				IPHONEOS_DEPLOYMENT_TARGET = 12.0;
				LD_RUNPATH_SEARCH_PATHS = (
					"$(inherited)",
					"@executable_path/Frameworks",
				);
				MARKETING_VERSION = 1.0;
				PRODUCT_BUNDLE_IDENTIFIER = com.sposuru.Sposuru;
				PRODUCT_NAME = "$(TARGET_NAME)";
				SWIFT_EMIT_LOC_STRINGS = YES;
				SWIFT_VERSION = 5.0;
				TARGETED_DEVICE_FAMILY = "1,2";
			};
			name = Release;
		};
/* End XCBuildConfiguration section */

/* Begin XCConfigurationList section */
		211256E02744F0FC00DE2D3B /* Build configuration list for PBXProject "itss_murasaki_flashcard" */ = {
			isa = XCConfigurationList;
			buildConfigurations = (
				211256F72744F0FE00DE2D3B /* Debug */,
				211256F82744F0FE00DE2D3B /* Release */,
			);
			defaultConfigurationIsVisible = 0;
			defaultConfigurationName = Release;
		};
		211256F92744F0FE00DE2D3B /* Build configuration list for PBXNativeTarget "itss_murasaki_flashcard" */ = {
			isa = XCConfigurationList;
			buildConfigurations = (
				211256FA2744F0FE00DE2D3B /* Debug */,
				211256FB2744F0FE00DE2D3B /* Release */,
			);
			defaultConfigurationIsVisible = 0;
			defaultConfigurationName = Release;
		};
/* End XCConfigurationList section */
	};
	rootObject = 211256DD2744F0FC00DE2D3B /* Project object */;
}
